
Microsoft Visual Studio Solution File, Format Version 12.00
# Visual Studio Version 16
VisualStudioVersion = 16.0.30803.129
MinimumVisualStudioVersion = 10.0.40219.1
Project("{FAE04EC0-301F-11D3-BF4B-00C04F79EFBC}") = "Valsom.AnsiBuilder", "Valsom.AnsiBuilder\Valsom.AnsiBuilder.csproj", "{CBABFA29-B2D6-4CAC-885F-DA4AEBB37D35}"
EndProject
Project("{FAE04EC0-301F-11D3-BF4B-00C04F79EFBC}") = "Valsom.AnsiBuilder.Test", "Valsom.AnsiBuilder.Test\Valsom.AnsiBuilder.Test.csproj", "{56EE7328-156E-48C0-B7C3-E70C868011C7}"
EndProject
Global
	GlobalSection(SolutionConfigurationPlatforms) = preSolution
		Debug|Any CPU = Debug|Any CPU
		Release|Any CPU = Release|Any CPU
	EndGlobalSection
	GlobalSection(ProjectConfigurationPlatforms) = postSolution
		{CBABFA29-B2D6-4CAC-885F-DA4AEBB37D35}.Debug|Any CPU.ActiveCfg = Debug|Any CPU
		{CBABFA29-B2D6-4CAC-885F-DA4AEBB37D35}.Debug|Any CPU.Build.0 = Debug|Any CPU
		{CBABFA29-B2D6-4CAC-885F-DA4AEBB37D35}.Release|Any CPU.ActiveCfg = Release|Any CPU
		{CBABFA29-B2D6-4CAC-885F-DA4AEBB37D35}.Release|Any CPU.Build.0 = Release|Any CPU
		{56EE7328-156E-48C0-B7C3-E70C868011C7}.Debug|Any CPU.ActiveCfg = Debug|Any CPU
		{56EE7328-156E-48C0-B7C3-E70C868011C7}.Debug|Any CPU.Build.0 = Debug|Any CPU
		{56EE7328-156E-48C0-B7C3-E70C868011C7}.Release|Any CPU.ActiveCfg = Release|Any CPU
		{56EE7328-156E-48C0-B7C3-E70C868011C7}.Release|Any CPU.Build.0 = Release|Any CPU
	EndGlobalSection
	GlobalSection(SolutionProperties) = preSolution
		HideSolutionNode = FALSE
	EndGlobalSection
	GlobalSection(ExtensibilityGlobals) = postSolution
		SolutionGuid = {1E13512E-F9A5-4CD5-8684-DD94D7E9EEE1}
	EndGlobalSection
EndGlobal
